// !$*UTF8*$!
{
	archiveVersion = 1;
	classes = {
	};
	objectVersion = 46;
	objects = {

/* Begin PBXBuildFile section */
		2BB769581556699D00C129F2 /* Foundation.framework in Frameworks */ = {isa = PBXBuildFile; fileRef = 2BB769571556699D00C129F2 /* Foundation.framework */; };
		2BB7695B1556699D00C129F2 /* main.m in Sources */ = {isa = PBXBuildFile; fileRef = 2BB7695A1556699D00C129F2 /* main.m */; };
		2BB7695F1556699D00C129F2 /* sudokugame.1 in CopyFiles */ = {isa = PBXBuildFile; fileRef = 2BB7695E1556699D00C129F2 /* sudokugame.1 */; };
		2BB76967155669B000C129F2 /* Cell.m in Sources */ = {isa = PBXBuildFile; fileRef = 2BB76966155669B000C129F2 /* Cell.m */; };
		2BB7696A155669BC00C129F2 /* Sudoku.m in Sources */ = {isa = PBXBuildFile; fileRef = 2BB76969155669BC00C129F2 /* Sudoku.m */; };
/* End PBXBuildFile section */

/* Begin PBXCopyFilesBuildPhase section */
		2BB769511556699D00C129F2 /* CopyFiles */ = {
			isa = PBXCopyFilesBuildPhase;
			buildActionMask = 2147483647;
			dstPath = /usr/share/man/man1/;
			dstSubfolderSpec = 0;
			files = (
				2BB7695F1556699D00C129F2 /* sudokugame.1 in CopyFiles */,
			);
			runOnlyForDeploymentPostprocessing = 1;
		};
/* End PBXCopyFilesBuildPhase section */

/* Begin PBXFileReference section */
		2BB769531556699D00C129F2 /* sudokugame */ = {isa = PBXFileReference; explicitFileType = "compiled.mach-o.executable"; includeInIndex = 0; path = sudokugame; sourceTree = BUILT_PRODUCTS_DIR; };
		2BB769571556699D00C129F2 /* Foundation.framework */ = {isa = PBXFileReference; lastKnownFileType = wrapper.framework; name = Foundation.framework; path = System/Library/Frameworks/Foundation.framework; sourceTree = SDKROOT; };
		2BB7695A1556699D00C129F2 /* main.m */ = {isa = PBXFileReference; lastKnownFileType = sourcecode.c.objc; path = main.m; sourceTree = "<group>"; };
		2BB7695D1556699D00C129F2 /* sudokugame-Prefix.pch */ = {isa = PBXFileReference; lastKnownFileType = sourcecode.c.h; path = "sudokugame-Prefix.pch"; sourceTree = "<group>"; };
		2BB7695E1556699D00C129F2 /* sudokugame.1 */ = {isa = PBXFileReference; lastKnownFileType = text.man; path = sudokugame.1; sourceTree = "<group>"; };
		2BB76965155669B000C129F2 /* Cell.h */ = {isa = PBXFileReference; fileEncoding = 4; lastKnownFileType = sourcecode.c.h; path = Cell.h; sourceTree = "<group>"; };
		2BB76966155669B000C129F2 /* Cell.m */ = {isa = PBXFileReference; fileEncoding = 4; lastKnownFileType = sourcecode.c.objc; path = Cell.m; sourceTree = "<group>"; };
		2BB76968155669BC00C129F2 /* Sudoku.h */ = {isa = PBXFileReference; fileEncoding = 4; lastKnownFileType = sourcecode.c.h; path = Sudoku.h; sourceTree = "<group>"; };
		2BB76969155669BC00C129F2 /* Sudoku.m */ = {isa = PBXFileReference; fileEncoding = 4; lastKnownFileType = sourcecode.c.objc; path = Sudoku.m; sourceTree = "<group>"; };
/* End PBXFileReference section */

/* Begin PBXFrameworksBuildPhase section */
		2BB769501556699D00C129F2 /* Frameworks */ = {
			isa = PBXFrameworksBuildPhase;
			buildActionMask = 2147483647;
			files = (
				2BB769581556699D00C129F2 /* Foundation.framework in Frameworks */,
			);
			runOnlyForDeploymentPostprocessing = 0;
		};
/* End PBXFrameworksBuildPhase section */

/* Begin PBXGroup section */
		2BB769481556699D00C129F2 = {
			isa = PBXGroup;
			children = (
				2BB769591556699D00C129F2 /* sudokugame */,
				2BB769561556699D00C129F2 /* Frameworks */,
				2BB769541556699D00C129F2 /* Products */,
			);
			sourceTree = "<group>";
		};
		2BB769541556699D00C129F2 /* Products */ = {
			isa = PBXGroup;
			children = (
				2BB769531556699D00C129F2 /* sudokugame */,
			);
			name = Products;
			sourceTree = "<group>";
		};
		2BB769561556699D00C129F2 /* Frameworks */ = {
			isa = PBXGroup;
			children = (
				2BB769571556699D00C129F2 /* Foundation.framework */,
			);
			name = Frameworks;
			sourceTree = "<group>";
		};
		2BB769591556699D00C129F2 /* sudokugame */ = {
			isa = PBXGroup;
			children = (
				2BB76965155669B000C129F2 /* Cell.h */,
				2BB76966155669B000C129F2 /* Cell.m */,
				2BB76968155669BC00C129F2 /* Sudoku.h */,
				2BB76969155669BC00C129F2 /* Sudoku.m */,
				2BB7695A1556699D00C129F2 /* main.m */,
				2BB7695E1556699D00C129F2 /* sudokugame.1 */,
				2BB7695C1556699D00C129F2 /* Supporting Files */,
			);
			path = sudokugame;
			sourceTree = "<group>";
		};
		2BB7695C1556699D00C129F2 /* Supporting Files */ = {
			isa = PBXGroup;
			children = (
				2BB7695D1556699D00C129F2 /* sudokugame-Prefix.pch */,
			);
			name = "Supporting Files";
			sourceTree = "<group>";
		};
/* End PBXGroup section */

/* Begin PBXNativeTarget section */
		2BB769521556699D00C129F2 /* sudokugame */ = {
			isa = PBXNativeTarget;
			buildConfigurationList = 2BB769621556699D00C129F2 /* Build configuration list for PBXNativeTarget "sudokugame" */;
			buildPhases = (
				2BB7694F1556699D00C129F2 /* Sources */,
				2BB769501556699D00C129F2 /* Frameworks */,
				2BB769511556699D00C129F2 /* CopyFiles */,
			);
			buildRules = (
			);
			dependencies = (
			);
			name = sudokugame;
			productName = sudokugame;
			productReference = 2BB769531556699D00C129F2 /* sudokugame */;
			productType = "com.apple.product-type.tool";
		};
/* End PBXNativeTarget section */

/* Begin PBXProject section */
		2BB7694A1556699D00C129F2 /* Project object */ = {
			isa = PBXProject;
			attributes = {
				LastUpgradeCheck = 0430;
			};
			buildConfigurationList = 2BB7694D1556699D00C129F2 /* Build configuration list for PBXProject "sudokugame" */;
			compatibilityVersion = "Xcode 3.2";
			developmentRegion = English;
			hasScannedForEncodings = 0;
			knownRegions = (
				en,
			);
			mainGroup = 2BB769481556699D00C129F2;
			productRefGroup = 2BB769541556699D00C129F2 /* Products */;
			projectDirPath = "";
			projectRoot = "";
			targets = (
				2BB769521556699D00C129F2 /* sudokugame */,
			);
		};
/* End PBXProject section */

/* Begin PBXSourcesBuildPhase section */
		2BB7694F1556699D00C129F2 /* Sources */ = {
			isa = PBXSourcesBuildPhase;
			buildActionMask = 2147483647;
			files = (
				2BB7695B1556699D00C129F2 /* main.m in Sources */,
				2BB76967155669B000C129F2 /* Cell.m in Sources */,
				2BB7696A155669BC00C129F2 /* Sudoku.m in Sources */,
			);
			runOnlyForDeploymentPostprocessing = 0;
		};
/* End PBXSourcesBuildPhase section */

/* Begin XCBuildConfiguration section */
		2BB769601556699D00C129F2 /* Debug */ = {
			isa = XCBuildConfiguration;
			buildSettings = {
				ALWAYS_SEARCH_USER_PATHS = NO;
				ARCHS = "$(ARCHS_STANDARD_64_BIT)";
				COPY_PHASE_STRIP = NO;
				GCC_C_LANGUAGE_STANDARD = gnu99;
				GCC_DYNAMIC_NO_PIC = NO;
				GCC_ENABLE_OBJC_EXCEPTIONS = YES;
				GCC_OPTIMIZATION_LEVEL = 0;
				GCC_PREPROCESSOR_DEFINITIONS = (
					"DEBUG=1",
					"$(inherited)",
				);
				GCC_SYMBOLS_PRIVATE_EXTERN = NO;
				GCC_VERSION = com.apple.compilers.llvm.clang.1_0;
				GCC_WARN_64_TO_32_BIT_CONVERSION = YES;
				GCC_WARN_ABOUT_RETURN_TYPE = YES;
				GCC_WARN_UNINITIALIZED_AUTOS = YES;
				GCC_WARN_UNUSED_VARIABLE = YES;
				MACOSX_DEPLOYMENT_TARGET = 10.7;
				ONLY_ACTIVE_ARCH = YES;
				SDKROOT = macosx;
			};
			name = Debug;
		};
		2BB769611556699D00C129F2 /* Release */ = {
			isa = XCBuildConfiguration;
			buildSettings = {
				ALWAYS_SEARCH_USER_PATHS = NO;
				ARCHS = "$(ARCHS_STANDARD_64_BIT)";
				COPY_PHASE_STRIP = YES;
				DEBUG_INFORMATION_FORMAT = "dwarf-with-dsym";
				GCC_C_LANGUAGE_STANDARD = gnu99;
				GCC_ENABLE_OBJC_EXCEPTIONS = YES;
				GCC_VERSION = com.apple.compilers.llvm.clang.1_0;
				GCC_WARN_64_TO_32_BIT_CONVERSION = YES;
				GCC_WARN_ABOUT_RETURN_TYPE = YES;
				GCC_WARN_UNINITIALIZED_AUTOS = YES;
				GCC_WARN_UNUSED_VARIABLE = YES;
				MACOSX_DEPLOYMENT_TARGET = 10.7;
				SDKROOT = macosx;
			};
			name = Release;
		};
		2BB769631556699D00C129F2 /* Debug */ = {
			isa = XCBuildConfiguration;
			buildSettings = {
				GCC_PRECOMPILE_PREFIX_HEADER = YES;
				GCC_PREFIX_HEADER = "sudokugame/sudokugame-Prefix.pch";
				PRODUCT_NAME = "$(TARGET_NAME)";
			};
			name = Debug;
		};
		2BB769641556699D00C129F2 /* Release */ = {
			isa = XCBuildConfiguration;
			buildSettings = {
				GCC_PRECOMPILE_PREFIX_HEADER = YES;
				GCC_PREFIX_HEADER = "sudokugame/sudokugame-Prefix.pch";
				PRODUCT_NAME = "$(TARGET_NAME)";
			};
			name = Release;
		};
/* End XCBuildConfiguration section */

/* Begin XCConfigurationList section */
		2BB7694D1556699D00C129F2 /* Build configuration list for PBXProject "sudokugame" */ = {
			isa = XCConfigurationList;
			buildConfigurations = (
				2BB769601556699D00C129F2 /* Debug */,
				2BB769611556699D00C129F2 /* Release */,
			);
			defaultConfigurationIsVisible = 0;
			defaultConfigurationName = Release;
		};
		2BB769621556699D00C129F2 /* Build configuration list for PBXNativeTarget "sudokugame" */ = {
			isa = XCConfigurationList;
			buildConfigurations = (
				2BB769631556699D00C129F2 /* Debug */,
				2BB769641556699D00C129F2 /* Release */,
			);
			defaultConfigurationIsVisible = 0;
			defaultConfigurationName = Release;
		};
/* End XCConfigurationList section */
	};
	rootObject = 2BB7694A1556699D00C129F2 /* Project object */;
}
