// !$*UTF8*$!
{
	archiveVersion = 1;
	classes = {
	};
	objectVersion = 46;
	objects = {

/* Begin PBXBuildFile section */
		2B04E3F41562A14F00237698 /* home-but.png in Resources */ = {isa = PBXBuildFile; fileRef = 2B04E3F31562A14F00237698 /* home-but.png */; };
		2B04E3F61562A1E200237698 /* achivementbg.png in Resources */ = {isa = PBXBuildFile; fileRef = 2B04E3F51562A1E200237698 /* achivementbg.png */; };
		2B04E3F81562A26300237698 /* achiveback.png in Resources */ = {isa = PBXBuildFile; fileRef = 2B04E3F71562A26300237698 /* achiveback.png */; };
		2B04E3FA1563684F00237698 /* square.png in Resources */ = {isa = PBXBuildFile; fileRef = 2B04E3F91563684F00237698 /* square.png */; };
		2B04E3FC156381DE00237698 /* input-square.png in Resources */ = {isa = PBXBuildFile; fileRef = 2B04E3FB156381DE00237698 /* input-square.png */; };
		2B04E40F15649E2B00237698 /* GameTopPanel.xib in Resources */ = {isa = PBXBuildFile; fileRef = 2B04E40E15649E2A00237698 /* GameTopPanel.xib */; };
		2B04E4241564FF2800237698 /* RecordItem.m in Sources */ = {isa = PBXBuildFile; fileRef = 2B04E4231564FF2800237698 /* RecordItem.m */; };
		2B04E4271565034800237698 /* RecordManager.m in Sources */ = {isa = PBXBuildFile; fileRef = 2B04E4261565034800237698 /* RecordManager.m */; };
		2B303F9515614D4E00FFC510 /* global.c in Sources */ = {isa = PBXBuildFile; fileRef = 2B303F9415614D4E00FFC510 /* global.c */; };
		2B303F991562026500FFC510 /* SoundViewController.m in Sources */ = {isa = PBXBuildFile; fileRef = 2B303F971562026500FFC510 /* SoundViewController.m */; };
		2B303F9A1562026500FFC510 /* SoundViewController.xib in Resources */ = {isa = PBXBuildFile; fileRef = 2B303F981562026500FFC510 /* SoundViewController.xib */; };
		2B303F9E1562031500FFC510 /* homesetbg.png in Resources */ = {isa = PBXBuildFile; fileRef = 2B303F9D1562031500FFC510 /* homesetbg.png */; };
		2B303FA01562032100FFC510 /* homelevelselectbg.png in Resources */ = {isa = PBXBuildFile; fileRef = 2B303F9F1562032100FFC510 /* homelevelselectbg.png */; };
		2B303FA2156260C800FFC510 /* game.png in Resources */ = {isa = PBXBuildFile; fileRef = 2B303FA1156260C800FFC510 /* game.png */; };
		2B303FA41562613C00FFC510 /* options.png in Resources */ = {isa = PBXBuildFile; fileRef = 2B303FA31562613C00FFC510 /* options.png */; };
		2B303FA6156261B400FFC510 /* submit.png in Resources */ = {isa = PBXBuildFile; fileRef = 2B303FA5156261B400FFC510 /* submit.png */; };
		2B46B042155ABDC800E349E7 /* Sudoku.m in Sources */ = {isa = PBXBuildFile; fileRef = 2B46B041155ABDC800E349E7 /* Sudoku.m */; };
		2B46B046155AC4EE00E349E7 /* Cell_Data.m in Sources */ = {isa = PBXBuildFile; fileRef = 2B46B045155AC4EE00E349E7 /* Cell_Data.m */; };
		2B7C92B7158A2B8700AA5652 /* Model.xcdatamodeld in Sources */ = {isa = PBXBuildFile; fileRef = 2B7C92B5158A2B8700AA5652 /* Model.xcdatamodeld */; };
		2B82CF68156937A60078EF43 /* inbg.png in Resources */ = {isa = PBXBuildFile; fileRef = 2B82CF67156937A60078EF43 /* inbg.png */; };
		2B82CF6D15694F690078EF43 /* MoreViewController.m in Sources */ = {isa = PBXBuildFile; fileRef = 2B82CF6B15694F690078EF43 /* MoreViewController.m */; };
		2B82CF6E15694F690078EF43 /* MoreViewController.xib in Resources */ = {isa = PBXBuildFile; fileRef = 2B82CF6C15694F690078EF43 /* MoreViewController.xib */; };
		2B82CF76156A10D10078EF43 /* MessageUI.framework in Frameworks */ = {isa = PBXBuildFile; fileRef = 2B82CF75156A10D10078EF43 /* MessageUI.framework */; };
		2BC28069156773D400BB6D01 /* gameops.png in Resources */ = {isa = PBXBuildFile; fileRef = 2BC28068156773D400BB6D01 /* gameops.png */; };
		2BC2806C1567A41700BB6D01 /* homgbg.png in Resources */ = {isa = PBXBuildFile; fileRef = 2BC2806B1567A41700BB6D01 /* homgbg.png */; };
		2BC280701567A81D00BB6D01 /* set-but.png in Resources */ = {isa = PBXBuildFile; fileRef = 2BC2806F1567A81D00BB6D01 /* set-but.png */; };
		2BC280731567AC0200BB6D01 /* demo-change.png in Resources */ = {isa = PBXBuildFile; fileRef = 2BC280711567AC0100BB6D01 /* demo-change.png */; };
		2BC280741567AC0200BB6D01 /* demo.png in Resources */ = {isa = PBXBuildFile; fileRef = 2BC280721567AC0100BB6D01 /* demo.png */; };
		2BC280781567B2ED00BB6D01 /* home-select.png in Resources */ = {isa = PBXBuildFile; fileRef = 2BC280761567B2ED00BB6D01 /* home-select.png */; };
		2BC2807A1567B4CD00BB6D01 /* input-square_ye.png in Resources */ = {isa = PBXBuildFile; fileRef = 2BC280791567B4CD00BB6D01 /* input-square_ye.png */; };
		2BC2807C1567B6B500BB6D01 /* gameinputselect.png in Resources */ = {isa = PBXBuildFile; fileRef = 2BC2807B1567B6B500BB6D01 /* gameinputselect.png */; };
		2BC2807E1567D59800BB6D01 /* gamebg.png in Resources */ = {isa = PBXBuildFile; fileRef = 2BC2807D1567D59700BB6D01 /* gamebg.png */; };
		2BC31D6C1568E5E4003F1D86 /* AboutViewViewController.m in Sources */ = {isa = PBXBuildFile; fileRef = 2BC31D6A1568E5E4003F1D86 /* AboutViewViewController.m */; };
		2BC31D6D1568E5E4003F1D86 /* AboutViewViewController.xib in Resources */ = {isa = PBXBuildFile; fileRef = 2BC31D6B1568E5E4003F1D86 /* AboutViewViewController.xib */; };
		2BC99AE915597DA300F928A2 /* Default@2x.png in Resources */ = {isa = PBXBuildFile; fileRef = 2BC99ADA15597DA300F928A2 /* Default@2x.png */; };
		2BC99AEE15597DA300F928A2 /* information.png in Resources */ = {isa = PBXBuildFile; fileRef = 2BC99ADF15597DA300F928A2 /* information.png */; };
		2BC99AEF15597DA300F928A2 /* levelselect-button.png in Resources */ = {isa = PBXBuildFile; fileRef = 2BC99AE015597DA300F928A2 /* levelselect-button.png */; };
		2BC99AF015597DA300F928A2 /* modeselect-button.png in Resources */ = {isa = PBXBuildFile; fileRef = 2BC99AE115597DA300F928A2 /* modeselect-button.png */; };
		2BC99AF115597DA300F928A2 /* modeselect.png in Resources */ = {isa = PBXBuildFile; fileRef = 2BC99AE215597DA300F928A2 /* modeselect.png */; };
		2BC99AF315597DA300F928A2 /* selection-button.png in Resources */ = {isa = PBXBuildFile; fileRef = 2BC99AE415597DA300F928A2 /* selection-button.png */; };
		2BC99AF415597DA300F928A2 /* set.png in Resources */ = {isa = PBXBuildFile; fileRef = 2BC99AE515597DA300F928A2 /* set.png */; };
		2BE008FD1558002D0001CC85 /* ModeSelectViewController.m in Sources */ = {isa = PBXBuildFile; fileRef = 2BE008FB1558002D0001CC85 /* ModeSelectViewController.m */; };
		2BE008FE1558002D0001CC85 /* ModeSelectViewController.xib in Resources */ = {isa = PBXBuildFile; fileRef = 2BE008FC1558002D0001CC85 /* ModeSelectViewController.xib */; };
		2BE0090F15581C580001CC85 /* RankViewController.m in Sources */ = {isa = PBXBuildFile; fileRef = 2BE0090D15581C580001CC85 /* RankViewController.m */; };
		2BE0091015581C580001CC85 /* RankViewController.xib in Resources */ = {isa = PBXBuildFile; fileRef = 2BE0090E15581C580001CC85 /* RankViewController.xib */; };
		2BE0091415581CDB0001CC85 /* GameViewController.m in Sources */ = {isa = PBXBuildFile; fileRef = 2BE0091215581CDB0001CC85 /* GameViewController.m */; };
		2BE0091515581CDB0001CC85 /* GameViewController.xib in Resources */ = {isa = PBXBuildFile; fileRef = 2BE0091315581CDB0001CC85 /* GameViewController.xib */; };
		2BEDD4EC1557EE5400CCA5BA /* UIKit.framework in Frameworks */ = {isa = PBXBuildFile; fileRef = 2BEDD4EB1557EE5400CCA5BA /* UIKit.framework */; };
		2BEDD4EE1557EE5400CCA5BA /* Foundation.framework in Frameworks */ = {isa = PBXBuildFile; fileRef = 2BEDD4ED1557EE5400CCA5BA /* Foundation.framework */; };
		2BEDD4F01557EE5400CCA5BA /* CoreGraphics.framework in Frameworks */ = {isa = PBXBuildFile; fileRef = 2BEDD4EF1557EE5400CCA5BA /* CoreGraphics.framework */; };
		2BEDD4F61557EE5400CCA5BA /* InfoPlist.strings in Resources */ = {isa = PBXBuildFile; fileRef = 2BEDD4F41557EE5400CCA5BA /* InfoPlist.strings */; };
		2BEDD4F81557EE5400CCA5BA /* main.m in Sources */ = {isa = PBXBuildFile; fileRef = 2BEDD4F71557EE5400CCA5BA /* main.m */; };
		2BEDD4FC1557EE5400CCA5BA /* AppDelegate.m in Sources */ = {isa = PBXBuildFile; fileRef = 2BEDD4FB1557EE5400CCA5BA /* AppDelegate.m */; };
		2BEDD50C1557F04600CCA5BA /* FirstViewController.m in Sources */ = {isa = PBXBuildFile; fileRef = 2BEDD50A1557F04600CCA5BA /* FirstViewController.m */; };
		2BEDD50D1557F04600CCA5BA /* FirstViewController.xib in Resources */ = {isa = PBXBuildFile; fileRef = 2BEDD50B1557F04600CCA5BA /* FirstViewController.xib */; };
		2BFEFD4B160A09BA0071CA7D /* 弹出.png in Resources */ = {isa = PBXBuildFile; fileRef = 2BFEFD49160A09BA0071CA7D /* 弹出.png */; };
		2BFEFD4C160A09BA0071CA7D /* 选项@2x.png in Resources */ = {isa = PBXBuildFile; fileRef = 2BFEFD4A160A09BA0071CA7D /* 选项@2x.png */; };
		BFF1A3641558F71600774FC6 /* Cell.m in Sources */ = {isa = PBXBuildFile; fileRef = BFF1A3631558F71600774FC6 /* Cell.m */; };
/* End PBXBuildFile section */

/* Begin PBXFileReference section */
		2B04E3F31562A14F00237698 /* home-but.png */ = {isa = PBXFileReference; lastKnownFileType = image.png; name = "home-but.png"; path = "Pictures/home-but.png"; sourceTree = SOURCE_ROOT; };
		2B04E3F51562A1E200237698 /* achivementbg.png */ = {isa = PBXFileReference; lastKnownFileType = image.png; name = achivementbg.png; path = Pictures/achivementbg.png; sourceTree = SOURCE_ROOT; };
		2B04E3F71562A26300237698 /* achiveback.png */ = {isa = PBXFileReference; lastKnownFileType = image.png; name = achiveback.png; path = Pictures/achiveback.png; sourceTree = SOURCE_ROOT; };
		2B04E3F91563684F00237698 /* square.png */ = {isa = PBXFileReference; lastKnownFileType = image.png; name = square.png; path = Pictures/square.png; sourceTree = SOURCE_ROOT; };
		2B04E3FB156381DE00237698 /* input-square.png */ = {isa = PBXFileReference; lastKnownFileType = image.png; name = "input-square.png"; path = "Pictures/input-square.png"; sourceTree = SOURCE_ROOT; };
		2B04E40E15649E2A00237698 /* GameTopPanel.xib */ = {isa = PBXFileReference; fileEncoding = 4; lastKnownFileType = file.xib; path = GameTopPanel.xib; sourceTree = "<group>"; };
		2B04E4221564FF2800237698 /* RecordItem.h */ = {isa = PBXFileReference; fileEncoding = 4; lastKnownFileType = sourcecode.c.h; path = RecordItem.h; sourceTree = "<group>"; };
		2B04E4231564FF2800237698 /* RecordItem.m */ = {isa = PBXFileReference; fileEncoding = 4; lastKnownFileType = sourcecode.c.objc; path = RecordItem.m; sourceTree = "<group>"; };
		2B04E4251565034800237698 /* RecordManager.h */ = {isa = PBXFileReference; fileEncoding = 4; lastKnownFileType = sourcecode.c.h; path = RecordManager.h; sourceTree = "<group>"; };
		2B04E4261565034800237698 /* RecordManager.m */ = {isa = PBXFileReference; fileEncoding = 4; lastKnownFileType = sourcecode.c.objc; path = RecordManager.m; sourceTree = "<group>"; };
		2B303F9415614D4E00FFC510 /* global.c */ = {isa = PBXFileReference; fileEncoding = 4; lastKnownFileType = sourcecode.c.c; path = global.c; sourceTree = "<group>"; };
		2B303F961562026500FFC510 /* SoundViewController.h */ = {isa = PBXFileReference; fileEncoding = 4; lastKnownFileType = sourcecode.c.h; path = SoundViewController.h; sourceTree = "<group>"; };
		2B303F971562026500FFC510 /* SoundViewController.m */ = {isa = PBXFileReference; fileEncoding = 4; lastKnownFileType = sourcecode.c.objc; path = SoundViewController.m; sourceTree = "<group>"; };
		2B303F981562026500FFC510 /* SoundViewController.xib */ = {isa = PBXFileReference; fileEncoding = 4; lastKnownFileType = file.xib; path = SoundViewController.xib; sourceTree = "<group>"; };
		2B303F9D1562031500FFC510 /* homesetbg.png */ = {isa = PBXFileReference; lastKnownFileType = image.png; name = homesetbg.png; path = Pictures/homesetbg.png; sourceTree = SOURCE_ROOT; };
		2B303F9F1562032100FFC510 /* homelevelselectbg.png */ = {isa = PBXFileReference; lastKnownFileType = image.png; name = homelevelselectbg.png; path = Pictures/homelevelselectbg.png; sourceTree = SOURCE_ROOT; };
		2B303FA1156260C800FFC510 /* game.png */ = {isa = PBXFileReference; lastKnownFileType = image.png; name = game.png; path = Pictures/game.png; sourceTree = SOURCE_ROOT; };
		2B303FA31562613C00FFC510 /* options.png */ = {isa = PBXFileReference; lastKnownFileType = image.png; name = options.png; path = Pictures/options.png; sourceTree = SOURCE_ROOT; };
		2B303FA5156261B400FFC510 /* submit.png */ = {isa = PBXFileReference; lastKnownFileType = image.png; name = submit.png; path = Pictures/submit.png; sourceTree = SOURCE_ROOT; };
		2B46B040155ABDC800E349E7 /* Sudoku.h */ = {isa = PBXFileReference; fileEncoding = 4; lastKnownFileType = sourcecode.c.h; path = Sudoku.h; sourceTree = "<group>"; };
		2B46B041155ABDC800E349E7 /* Sudoku.m */ = {isa = PBXFileReference; fileEncoding = 4; lastKnownFileType = sourcecode.c.objc; path = Sudoku.m; sourceTree = "<group>"; };
		2B46B044155AC4EE00E349E7 /* Cell_Data.h */ = {isa = PBXFileReference; fileEncoding = 4; lastKnownFileType = sourcecode.c.h; path = Cell_Data.h; sourceTree = "<group>"; };
		2B46B045155AC4EE00E349E7 /* Cell_Data.m */ = {isa = PBXFileReference; fileEncoding = 4; lastKnownFileType = sourcecode.c.objc; path = Cell_Data.m; sourceTree = "<group>"; };
		2B7C92B6158A2B8700AA5652 /* Model.xcdatamodel */ = {isa = PBXFileReference; lastKnownFileType = wrapper.xcdatamodel; path = Model.xcdatamodel; sourceTree = "<group>"; };
		2B82CF67156937A60078EF43 /* inbg.png */ = {isa = PBXFileReference; lastKnownFileType = image.png; name = inbg.png; path = Pictures/inbg.png; sourceTree = SOURCE_ROOT; };
		2B82CF6A15694F690078EF43 /* MoreViewController.h */ = {isa = PBXFileReference; fileEncoding = 4; lastKnownFileType = sourcecode.c.h; path = MoreViewController.h; sourceTree = "<group>"; };
		2B82CF6B15694F690078EF43 /* MoreViewController.m */ = {isa = PBXFileReference; fileEncoding = 4; lastKnownFileType = sourcecode.c.objc; path = MoreViewController.m; sourceTree = "<group>"; };
		2B82CF6C15694F690078EF43 /* MoreViewController.xib */ = {isa = PBXFileReference; fileEncoding = 4; lastKnownFileType = file.xib; path = MoreViewController.xib; sourceTree = "<group>"; };
		2B82CF75156A10D10078EF43 /* MessageUI.framework */ = {isa = PBXFileReference; lastKnownFileType = wrapper.framework; name = MessageUI.framework; path = System/Library/Frameworks/MessageUI.framework; sourceTree = SDKROOT; };
		2BC28068156773D400BB6D01 /* gameops.png */ = {isa = PBXFileReference; lastKnownFileType = image.png; name = gameops.png; path = Pictures/gameops.png; sourceTree = SOURCE_ROOT; };
		2BC2806B1567A41700BB6D01 /* homgbg.png */ = {isa = PBXFileReference; lastKnownFileType = image.png; name = homgbg.png; path = Pictures/homgbg.png; sourceTree = SOURCE_ROOT; };
		2BC2806D1567A67200BB6D01 /* home-but.png */ = {isa = PBXFileReference; lastKnownFileType = image.png; name = "home-but.png"; path = "Pictures/home-but.png"; sourceTree = SOURCE_ROOT; };
		2BC2806F1567A81D00BB6D01 /* set-but.png */ = {isa = PBXFileReference; lastKnownFileType = image.png; name = "set-but.png"; path = "Pictures/set-but.png"; sourceTree = SOURCE_ROOT; };
		2BC280711567AC0100BB6D01 /* demo-change.png */ = {isa = PBXFileReference; lastKnownFileType = image.png; name = "demo-change.png"; path = "Pictures/demo-change.png"; sourceTree = SOURCE_ROOT; };
		2BC280721567AC0100BB6D01 /* demo.png */ = {isa = PBXFileReference; lastKnownFileType = image.png; name = demo.png; path = Pictures/demo.png; sourceTree = SOURCE_ROOT; };
		2BC280761567B2ED00BB6D01 /* home-select.png */ = {isa = PBXFileReference; lastKnownFileType = image.png; name = "home-select.png"; path = "Pictures/home-select.png"; sourceTree = SOURCE_ROOT; };
		2BC280791567B4CD00BB6D01 /* input-square_ye.png */ = {isa = PBXFileReference; lastKnownFileType = image.png; name = "input-square_ye.png"; path = "Pictures/input-square_ye.png"; sourceTree = SOURCE_ROOT; };
		2BC2807B1567B6B500BB6D01 /* gameinputselect.png */ = {isa = PBXFileReference; lastKnownFileType = image.png; name = gameinputselect.png; path = Pictures/gameinputselect.png; sourceTree = SOURCE_ROOT; };
		2BC2807D1567D59700BB6D01 /* gamebg.png */ = {isa = PBXFileReference; lastKnownFileType = image.png; name = gamebg.png; path = Pictures/gamebg.png; sourceTree = SOURCE_ROOT; };
		2BC31D691568E5E4003F1D86 /* AboutViewViewController.h */ = {isa = PBXFileReference; fileEncoding = 4; lastKnownFileType = sourcecode.c.h; path = AboutViewViewController.h; sourceTree = "<group>"; };
		2BC31D6A1568E5E4003F1D86 /* AboutViewViewController.m */ = {isa = PBXFileReference; fileEncoding = 4; lastKnownFileType = sourcecode.c.objc; path = AboutViewViewController.m; sourceTree = "<group>"; };
		2BC31D6B1568E5E4003F1D86 /* AboutViewViewController.xib */ = {isa = PBXFileReference; fileEncoding = 4; lastKnownFileType = file.xib; path = AboutViewViewController.xib; sourceTree = "<group>"; };
		2BC99ADA15597DA300F928A2 /* Default@2x.png */ = {isa = PBXFileReference; lastKnownFileType = image.png; name = "Default@2x.png"; path = "Pictures/Default@2x.png"; sourceTree = SOURCE_ROOT; };
		2BC99ADF15597DA300F928A2 /* information.png */ = {isa = PBXFileReference; lastKnownFileType = image.png; name = information.png; path = Pictures/information.png; sourceTree = SOURCE_ROOT; };
		2BC99AE015597DA300F928A2 /* levelselect-button.png */ = {isa = PBXFileReference; lastKnownFileType = image.png; name = "levelselect-button.png"; path = "Pictures/levelselect-button.png"; sourceTree = SOURCE_ROOT; };
		2BC99AE115597DA300F928A2 /* modeselect-button.png */ = {isa = PBXFileReference; lastKnownFileType = image.png; name = "modeselect-button.png"; path = "Pictures/modeselect-button.png"; sourceTree = SOURCE_ROOT; };
		2BC99AE215597DA300F928A2 /* modeselect.png */ = {isa = PBXFileReference; lastKnownFileType = image.png; name = modeselect.png; path = Pictures/modeselect.png; sourceTree = SOURCE_ROOT; };
		2BC99AE415597DA300F928A2 /* selection-button.png */ = {isa = PBXFileReference; lastKnownFileType = image.png; name = "selection-button.png"; path = "Pictures/selection-button.png"; sourceTree = SOURCE_ROOT; };
		2BC99AE515597DA300F928A2 /* set.png */ = {isa = PBXFileReference; lastKnownFileType = image.png; name = set.png; path = Pictures/set.png; sourceTree = SOURCE_ROOT; };
		2BE008FA1558002D0001CC85 /* ModeSelectViewController.h */ = {isa = PBXFileReference; fileEncoding = 4; lastKnownFileType = sourcecode.c.h; name = ModeSelectViewController.h; path = ../ModeSelectViewController.h; sourceTree = "<group>"; };
		2BE008FB1558002D0001CC85 /* ModeSelectViewController.m */ = {isa = PBXFileReference; fileEncoding = 4; lastKnownFileType = sourcecode.c.objc; name = ModeSelectViewController.m; path = ../ModeSelectViewController.m; sourceTree = "<group>"; };
		2BE008FC1558002D0001CC85 /* ModeSelectViewController.xib */ = {isa = PBXFileReference; fileEncoding = 4; lastKnownFileType = file.xib; name = ModeSelectViewController.xib; path = ../ModeSelectViewController.xib; sourceTree = "<group>"; };
		2BE0090C15581C580001CC85 /* RankViewController.h */ = {isa = PBXFileReference; fileEncoding = 4; lastKnownFileType = sourcecode.c.h; path = RankViewController.h; sourceTree = "<group>"; };
		2BE0090D15581C580001CC85 /* RankViewController.m */ = {isa = PBXFileReference; fileEncoding = 4; lastKnownFileType = sourcecode.c.objc; path = RankViewController.m; sourceTree = "<group>"; };
		2BE0090E15581C580001CC85 /* RankViewController.xib */ = {isa = PBXFileReference; fileEncoding = 4; lastKnownFileType = file.xib; path = RankViewController.xib; sourceTree = "<group>"; };
		2BE0091115581CDB0001CC85 /* GameViewController.h */ = {isa = PBXFileReference; fileEncoding = 4; lastKnownFileType = sourcecode.c.h; path = GameViewController.h; sourceTree = "<group>"; };
		2BE0091215581CDB0001CC85 /* GameViewController.m */ = {isa = PBXFileReference; fileEncoding = 4; lastKnownFileType = sourcecode.c.objc; path = GameViewController.m; sourceTree = "<group>"; };
		2BE0091315581CDB0001CC85 /* GameViewController.xib */ = {isa = PBXFileReference; fileEncoding = 4; lastKnownFileType = file.xib; path = GameViewController.xib; sourceTree = "<group>"; };
		2BE0091615582C430001CC85 /* global.h */ = {isa = PBXFileReference; lastKnownFileType = sourcecode.c.h; path = global.h; sourceTree = "<group>"; };
		2BEDD4E71557EE5400CCA5BA /* SudoTest.app */ = {isa = PBXFileReference; explicitFileType = wrapper.application; includeInIndex = 0; path = SudoTest.app; sourceTree = BUILT_PRODUCTS_DIR; };
		2BEDD4EB1557EE5400CCA5BA /* UIKit.framework */ = {isa = PBXFileReference; lastKnownFileType = wrapper.framework; name = UIKit.framework; path = System/Library/Frameworks/UIKit.framework; sourceTree = SDKROOT; };
		2BEDD4ED1557EE5400CCA5BA /* Foundation.framework */ = {isa = PBXFileReference; lastKnownFileType = wrapper.framework; name = Foundation.framework; path = System/Library/Frameworks/Foundation.framework; sourceTree = SDKROOT; };
		2BEDD4EF1557EE5400CCA5BA /* CoreGraphics.framework */ = {isa = PBXFileReference; lastKnownFileType = wrapper.framework; name = CoreGraphics.framework; path = System/Library/Frameworks/CoreGraphics.framework; sourceTree = SDKROOT; };
		2BEDD4F31557EE5400CCA5BA /* SudoTest-Info.plist */ = {isa = PBXFileReference; lastKnownFileType = text.plist.xml; path = "SudoTest-Info.plist"; sourceTree = "<group>"; };
		2BEDD4F51557EE5400CCA5BA /* en */ = {isa = PBXFileReference; lastKnownFileType = text.plist.strings; name = en; path = en.lproj/InfoPlist.strings; sourceTree = "<group>"; };
		2BEDD4F71557EE5400CCA5BA /* main.m */ = {isa = PBXFileReference; lastKnownFileType = sourcecode.c.objc; path = main.m; sourceTree = "<group>"; };
		2BEDD4F91557EE5400CCA5BA /* SudoTest-Prefix.pch */ = {isa = PBXFileReference; lastKnownFileType = sourcecode.c.h; path = "SudoTest-Prefix.pch"; sourceTree = "<group>"; };
		2BEDD4FA1557EE5400CCA5BA /* AppDelegate.h */ = {isa = PBXFileReference; lastKnownFileType = sourcecode.c.h; path = AppDelegate.h; sourceTree = "<group>"; };
		2BEDD4FB1557EE5400CCA5BA /* AppDelegate.m */ = {isa = PBXFileReference; lastKnownFileType = sourcecode.c.objc; path = AppDelegate.m; sourceTree = "<group>"; };
		2BEDD5091557F04600CCA5BA /* FirstViewController.h */ = {isa = PBXFileReference; fileEncoding = 4; lastKnownFileType = sourcecode.c.h; path = FirstViewController.h; sourceTree = "<group>"; };
		2BEDD50A1557F04600CCA5BA /* FirstViewController.m */ = {isa = PBXFileReference; fileEncoding = 4; lastKnownFileType = sourcecode.c.objc; path = FirstViewController.m; sourceTree = "<group>"; };
		2BEDD50B1557F04600CCA5BA /* FirstViewController.xib */ = {isa = PBXFileReference; fileEncoding = 4; lastKnownFileType = file.xib; path = FirstViewController.xib; sourceTree = "<group>"; };
		2BFEFD49160A09BA0071CA7D /* 弹出.png */ = {isa = PBXFileReference; lastKnownFileType = image.png; path = "弹出.png"; sourceTree = "<group>"; };
		2BFEFD4A160A09BA0071CA7D /* 选项@2x.png */ = {isa = PBXFileReference; lastKnownFileType = image.png; path = "选项@2x.png"; sourceTree = "<group>"; };
		BFF1A3621558F71600774FC6 /* Cell.h */ = {isa = PBXFileReference; fileEncoding = 4; lastKnownFileType = sourcecode.c.h; path = Cell.h; sourceTree = "<group>"; };
		BFF1A3631558F71600774FC6 /* Cell.m */ = {isa = PBXFileReference; fileEncoding = 4; lastKnownFileType = sourcecode.c.objc; path = Cell.m; sourceTree = "<group>"; };
/* End PBXFileReference section */

/* Begin PBXFrameworksBuildPhase section */
		2BEDD4E41557EE5300CCA5BA /* Frameworks */ = {
			isa = PBXFrameworksBuildPhase;
			buildActionMask = 2147483647;
			files = (
				2B82CF76156A10D10078EF43 /* MessageUI.framework in Frameworks */,
				2BEDD4EC1557EE5400CCA5BA /* UIKit.framework in Frameworks */,
				2BEDD4EE1557EE5400CCA5BA /* Foundation.framework in Frameworks */,
				2BEDD4F01557EE5400CCA5BA /* CoreGraphics.framework in Frameworks */,
			);
			runOnlyForDeploymentPostprocessing = 0;
		};
/* End PBXFrameworksBuildPhase section */

/* Begin PBXGroup section */
		2B04E3FD156404AE00237698 /* SudokuCreator */ = {
			isa = PBXGroup;
			children = (
				2B46B044155AC4EE00E349E7 /* Cell_Data.h */,
				2B46B045155AC4EE00E349E7 /* Cell_Data.m */,
				2B46B040155ABDC800E349E7 /* Sudoku.h */,
				2B46B041155ABDC800E349E7 /* Sudoku.m */,
			);
			name = SudokuCreator;
			sourceTree = "<group>";
		};
		2B04E4201564FCF200237698 /* Database */ = {
			isa = PBXGroup;
			children = (
				2B04E4221564FF2800237698 /* RecordItem.h */,
				2B04E4231564FF2800237698 /* RecordItem.m */,
				2B04E4251565034800237698 /* RecordManager.h */,
				2B04E4261565034800237698 /* RecordManager.m */,
			);
			name = Database;
			path = ..;
			sourceTree = "<group>";
		};
		2BEDD4DC1557EE5300CCA5BA = {
			isa = PBXGroup;
			children = (
				2B7C92B5158A2B8700AA5652 /* Model.xcdatamodeld */,
				2BEDD5021557EE7C00CCA5BA /* Pictures */,
				2BEDD4EA1557EE5400CCA5BA /* Frameworks */,
				2BEDD4E81557EE5400CCA5BA /* Products */,
				2BEDD4F11557EE5400CCA5BA /* SudoTest */,
			);
			sourceTree = "<group>";
		};
		2BEDD4E81557EE5400CCA5BA /* Products */ = {
			isa = PBXGroup;
			children = (
				2BEDD4E71557EE5400CCA5BA /* SudoTest.app */,
			);
			name = Products;
			sourceTree = "<group>";
		};
		2BEDD4EA1557EE5400CCA5BA /* Frameworks */ = {
			isa = PBXGroup;
			children = (
				2B82CF75156A10D10078EF43 /* MessageUI.framework */,
				2BEDD4EB1557EE5400CCA5BA /* UIKit.framework */,
				2BEDD4ED1557EE5400CCA5BA /* Foundation.framework */,
				2BEDD4EF1557EE5400CCA5BA /* CoreGraphics.framework */,
			);
			name = Frameworks;
			sourceTree = "<group>";
		};
		2BEDD4F11557EE5400CCA5BA /* SudoTest */ = {
			isa = PBXGroup;
			children = (
				2BE0091615582C430001CC85 /* global.h */,
				2B303F9415614D4E00FFC510 /* global.c */,
				2BEDD4FA1557EE5400CCA5BA /* AppDelegate.h */,
				2BEDD4FB1557EE5400CCA5BA /* AppDelegate.m */,
				2BEDD5091557F04600CCA5BA /* FirstViewController.h */,
				2BEDD50A1557F04600CCA5BA /* FirstViewController.m */,
				2BEDD50B1557F04600CCA5BA /* FirstViewController.xib */,
				2B82CF6A15694F690078EF43 /* MoreViewController.h */,
				2B82CF6B15694F690078EF43 /* MoreViewController.m */,
				2B82CF6C15694F690078EF43 /* MoreViewController.xib */,
				2BC31D691568E5E4003F1D86 /* AboutViewViewController.h */,
				2BC31D6A1568E5E4003F1D86 /* AboutViewViewController.m */,
				2BC31D6B1568E5E4003F1D86 /* AboutViewViewController.xib */,
				2BE0090C15581C580001CC85 /* RankViewController.h */,
				2BE0090D15581C580001CC85 /* RankViewController.m */,
				2BE0090E15581C580001CC85 /* RankViewController.xib */,
				2BE008FA1558002D0001CC85 /* ModeSelectViewController.h */,
				2BE008FB1558002D0001CC85 /* ModeSelectViewController.m */,
				2BE008FC1558002D0001CC85 /* ModeSelectViewController.xib */,
				2B303F961562026500FFC510 /* SoundViewController.h */,
				2B303F971562026500FFC510 /* SoundViewController.m */,
				2B303F981562026500FFC510 /* SoundViewController.xib */,
				2BE0091115581CDB0001CC85 /* GameViewController.h */,
				2BE0091215581CDB0001CC85 /* GameViewController.m */,
				2BE0091315581CDB0001CC85 /* GameViewController.xib */,
				2B04E40E15649E2A00237698 /* GameTopPanel.xib */,
				BFF1A3621558F71600774FC6 /* Cell.h */,
				BFF1A3631558F71600774FC6 /* Cell.m */,
				2B04E4201564FCF200237698 /* Database */,
				2B04E3FD156404AE00237698 /* SudokuCreator */,
				2BEDD4F21557EE5400CCA5BA /* Supporting Files */,
			);
			path = SudoTest;
			sourceTree = "<group>";
		};
		2BEDD4F21557EE5400CCA5BA /* Supporting Files */ = {
			isa = PBXGroup;
			children = (
				2BEDD4F31557EE5400CCA5BA /* SudoTest-Info.plist */,
				2BEDD4F41557EE5400CCA5BA /* InfoPlist.strings */,
				2BEDD4F71557EE5400CCA5BA /* main.m */,
				2BEDD4F91557EE5400CCA5BA /* SudoTest-Prefix.pch */,
			);
			name = "Supporting Files";
			sourceTree = "<group>";
		};
		2BEDD5021557EE7C00CCA5BA /* Pictures */ = {
			isa = PBXGroup;
			children = (
				2BFEFD49160A09BA0071CA7D /* 弹出.png */,
				2BFEFD4A160A09BA0071CA7D /* 选项@2x.png */,
				2B82CF67156937A60078EF43 /* inbg.png */,
				2BC28068156773D400BB6D01 /* gameops.png */,
				2B303F9D1562031500FFC510 /* homesetbg.png */,
				2BC99ADA15597DA300F928A2 /* Default@2x.png */,
				2BC280761567B2ED00BB6D01 /* home-select.png */,
				2B303FA31562613C00FFC510 /* options.png */,
				2B303FA1156260C800FFC510 /* game.png */,
				2B303FA5156261B400FFC510 /* submit.png */,
				2B04E3FB156381DE00237698 /* input-square.png */,
				2BC280791567B4CD00BB6D01 /* input-square_ye.png */,
				2B04E3F31562A14F00237698 /* home-but.png */,
				2B04E3F51562A1E200237698 /* achivementbg.png */,
				2B04E3F91563684F00237698 /* square.png */,
				2BC2807B1567B6B500BB6D01 /* gameinputselect.png */,
				2BC99ADF15597DA300F928A2 /* information.png */,
				2BC2806B1567A41700BB6D01 /* homgbg.png */,
				2B04E3F71562A26300237698 /* achiveback.png */,
				2BC99AE015597DA300F928A2 /* levelselect-button.png */,
				2B303F9F1562032100FFC510 /* homelevelselectbg.png */,
				2BC99AE115597DA300F928A2 /* modeselect-button.png */,
				2BC99AE215597DA300F928A2 /* modeselect.png */,
				2BC99AE415597DA300F928A2 /* selection-button.png */,
				2BC2807D1567D59700BB6D01 /* gamebg.png */,
				2BC99AE515597DA300F928A2 /* set.png */,
				2BC2806F1567A81D00BB6D01 /* set-but.png */,
				2BC2806D1567A67200BB6D01 /* home-but.png */,
				2BC280711567AC0100BB6D01 /* demo-change.png */,
				2BC280721567AC0100BB6D01 /* demo.png */,
			);
			name = Pictures;
			path = SudoTest;
			sourceTree = "<group>";
		};
/* End PBXGroup section */

/* Begin PBXNativeTarget section */
		2BEDD4E61557EE5300CCA5BA /* SudoTest */ = {
			isa = PBXNativeTarget;
			buildConfigurationList = 2BEDD4FF1557EE5400CCA5BA /* Build configuration list for PBXNativeTarget "SudoTest" */;
			buildPhases = (
				2BEDD4E31557EE5300CCA5BA /* Sources */,
				2BEDD4E41557EE5300CCA5BA /* Frameworks */,
				2BEDD4E51557EE5300CCA5BA /* Resources */,
			);
			buildRules = (
			);
			dependencies = (
			);
			name = SudoTest;
			productName = SudoTest;
			productReference = 2BEDD4E71557EE5400CCA5BA /* SudoTest.app */;
			productType = "com.apple.product-type.application";
		};
/* End PBXNativeTarget section */

/* Begin PBXProject section */
		2BEDD4DE1557EE5300CCA5BA /* Project object */ = {
			isa = PBXProject;
			attributes = {
				LastUpgradeCheck = 0430;
			};
			buildConfigurationList = 2BEDD4E11557EE5300CCA5BA /* Build configuration list for PBXProject "SudoTest" */;
			compatibilityVersion = "Xcode 3.2";
			developmentRegion = English;
			hasScannedForEncodings = 0;
			knownRegions = (
				en,
			);
			mainGroup = 2BEDD4DC1557EE5300CCA5BA;
			productRefGroup = 2BEDD4E81557EE5400CCA5BA /* Products */;
			projectDirPath = "";
			projectRoot = "";
			targets = (
				2BEDD4E61557EE5300CCA5BA /* SudoTest */,
			);
		};
/* End PBXProject section */

/* Begin PBXResourcesBuildPhase section */
		2BEDD4E51557EE5300CCA5BA /* Resources */ = {
			isa = PBXResourcesBuildPhase;
			buildActionMask = 2147483647;
			files = (
				2BEDD4F61557EE5400CCA5BA /* InfoPlist.strings in Resources */,
				2BEDD50D1557F04600CCA5BA /* FirstViewController.xib in Resources */,
				2BE008FE1558002D0001CC85 /* ModeSelectViewController.xib in Resources */,
				2BE0091015581C580001CC85 /* RankViewController.xib in Resources */,
				2BE0091515581CDB0001CC85 /* GameViewController.xib in Resources */,
				2BC99AE915597DA300F928A2 /* Default@2x.png in Resources */,
				2BC99AEE15597DA300F928A2 /* information.png in Resources */,
				2BC99AEF15597DA300F928A2 /* levelselect-button.png in Resources */,
				2BC99AF015597DA300F928A2 /* modeselect-button.png in Resources */,
				2BC99AF115597DA300F928A2 /* modeselect.png in Resources */,
				2BC99AF315597DA300F928A2 /* selection-button.png in Resources */,
				2BC99AF415597DA300F928A2 /* set.png in Resources */,
				2B303F9A1562026500FFC510 /* SoundViewController.xib in Resources */,
				2B303F9E1562031500FFC510 /* homesetbg.png in Resources */,
				2B303FA01562032100FFC510 /* homelevelselectbg.png in Resources */,
				2B303FA2156260C800FFC510 /* game.png in Resources */,
				2B303FA41562613C00FFC510 /* options.png in Resources */,
				2B303FA6156261B400FFC510 /* submit.png in Resources */,
				2B04E3F41562A14F00237698 /* home-but.png in Resources */,
				2B04E3F61562A1E200237698 /* achivementbg.png in Resources */,
				2B04E3F81562A26300237698 /* achiveback.png in Resources */,
				2B04E3FA1563684F00237698 /* square.png in Resources */,
				2B04E3FC156381DE00237698 /* input-square.png in Resources */,
				2B04E40F15649E2B00237698 /* GameTopPanel.xib in Resources */,
				2BC28069156773D400BB6D01 /* gameops.png in Resources */,
				2BC2806C1567A41700BB6D01 /* homgbg.png in Resources */,
				2BC280701567A81D00BB6D01 /* set-but.png in Resources */,
				2BC280731567AC0200BB6D01 /* demo-change.png in Resources */,
				2BC280741567AC0200BB6D01 /* demo.png in Resources */,
				2BC280781567B2ED00BB6D01 /* home-select.png in Resources */,
				2BC2807A1567B4CD00BB6D01 /* input-square_ye.png in Resources */,
				2BC2807C1567B6B500BB6D01 /* gameinputselect.png in Resources */,
				2BC2807E1567D59800BB6D01 /* gamebg.png in Resources */,
				2BC31D6D1568E5E4003F1D86 /* AboutViewViewController.xib in Resources */,
				2B82CF68156937A60078EF43 /* inbg.png in Resources */,
				2B82CF6E15694F690078EF43 /* MoreViewController.xib in Resources */,
				2BFEFD4B160A09BA0071CA7D /* 弹出.png in Resources */,
				2BFEFD4C160A09BA0071CA7D /* 选项@2x.png in Resources */,
			);
			runOnlyForDeploymentPostprocessing = 0;
		};
/* End PBXResourcesBuildPhase section */

/* Begin PBXSourcesBuildPhase section */
		2BEDD4E31557EE5300CCA5BA /* Sources */ = {
			isa = PBXSourcesBuildPhase;
			buildActionMask = 2147483647;
			files = (
				2BEDD4F81557EE5400CCA5BA /* main.m in Sources */,
				2BEDD4FC1557EE5400CCA5BA /* AppDelegate.m in Sources */,
				2BEDD50C1557F04600CCA5BA /* FirstViewController.m in Sources */,
				2BE008FD1558002D0001CC85 /* ModeSelectViewController.m in Sources */,
				2BE0090F15581C580001CC85 /* RankViewController.m in Sources */,
				2BE0091415581CDB0001CC85 /* GameViewController.m in Sources */,
				BFF1A3641558F71600774FC6 /* Cell.m in Sources */,
				2B46B042155ABDC800E349E7 /* Sudoku.m in Sources */,
				2B46B046155AC4EE00E349E7 /* Cell_Data.m in Sources */,
				2B303F9515614D4E00FFC510 /* global.c in Sources */,
				2B303F991562026500FFC510 /* SoundViewController.m in Sources */,
				2B04E4241564FF2800237698 /* RecordItem.m in Sources */,
				2B04E4271565034800237698 /* RecordManager.m in Sources */,
				2BC31D6C1568E5E4003F1D86 /* AboutViewViewController.m in Sources */,
				2B82CF6D15694F690078EF43 /* MoreViewController.m in Sources */,
				2B7C92B7158A2B8700AA5652 /* Model.xcdatamodeld in Sources */,
			);
			runOnlyForDeploymentPostprocessing = 0;
		};
/* End PBXSourcesBuildPhase section */

/* Begin PBXVariantGroup section */
		2BEDD4F41557EE5400CCA5BA /* InfoPlist.strings */ = {
			isa = PBXVariantGroup;
			children = (
				2BEDD4F51557EE5400CCA5BA /* en */,
			);
			name = InfoPlist.strings;
			sourceTree = "<group>";
		};
/* End PBXVariantGroup section */

/* Begin XCBuildConfiguration section */
		2BEDD4FD1557EE5400CCA5BA /* Debug */ = {
			isa = XCBuildConfiguration;
			buildSettings = {
				ALWAYS_SEARCH_USER_PATHS = NO;
				ARCHS = "$(ARCHS_STANDARD_32_BIT)";
				CODE_SIGN_IDENTITY = "iPhone Developer: sui changming (3LS36545CS)";
				"CODE_SIGN_IDENTITY[sdk=iphoneos*]" = "iPhone Developer";
				COPY_PHASE_STRIP = NO;
				GCC_C_LANGUAGE_STANDARD = gnu99;
				GCC_DYNAMIC_NO_PIC = NO;
				GCC_OPTIMIZATION_LEVEL = 0;
				GCC_PREPROCESSOR_DEFINITIONS = (
					"DEBUG=1",
					"$(inherited)",
				);
				GCC_SYMBOLS_PRIVATE_EXTERN = NO;
				GCC_VERSION = com.apple.compilers.llvm.clang.1_0;
				GCC_WARN_ABOUT_RETURN_TYPE = YES;
				GCC_WARN_UNINITIALIZED_AUTOS = YES;
				GCC_WARN_UNUSED_VARIABLE = YES;
				IPHONEOS_DEPLOYMENT_TARGET = 5.1;
				PROVISIONING_PROFILE = "970B8F92-A608-467B-B955-8E0D80FC7556";
				SDKROOT = iphoneos;
			};
			name = Debug;
		};
		2BEDD4FE1557EE5400CCA5BA /* Release */ = {
			isa = XCBuildConfiguration;
			buildSettings = {
				ALWAYS_SEARCH_USER_PATHS = NO;
				ARCHS = "$(ARCHS_STANDARD_32_BIT)";
				CODE_SIGN_IDENTITY = "iPhone Developer: sui changming (3LS36545CS)";
				"CODE_SIGN_IDENTITY[sdk=iphoneos*]" = "iPhone Developer";
				COPY_PHASE_STRIP = YES;
				GCC_C_LANGUAGE_STANDARD = gnu99;
				GCC_VERSION = com.apple.compilers.llvm.clang.1_0;
				GCC_WARN_ABOUT_RETURN_TYPE = YES;
				GCC_WARN_UNINITIALIZED_AUTOS = YES;
				GCC_WARN_UNUSED_VARIABLE = YES;
				IPHONEOS_DEPLOYMENT_TARGET = 5.1;
				OTHER_CFLAGS = "-DNS_BLOCK_ASSERTIONS=1";
				PROVISIONING_PROFILE = "970B8F92-A608-467B-B955-8E0D80FC7556";
				SDKROOT = iphoneos;
				VALIDATE_PRODUCT = YES;
			};
			name = Release;
		};
		2BEDD5001557EE5400CCA5BA /* Debug */ = {
			isa = XCBuildConfiguration;
			buildSettings = {
				CODE_SIGN_IDENTITY = "iPhone Developer: sui changming (3LS36545CS)";
				GCC_PRECOMPILE_PREFIX_HEADER = YES;
				GCC_PREFIX_HEADER = "SudoTest/SudoTest-Prefix.pch";
				INFOPLIST_FILE = "SudoTest/SudoTest-Info.plist";
				PRODUCT_NAME = "$(TARGET_NAME)";
				PROVISIONING_PROFILE = "970B8F92-A608-467B-B955-8E0D80FC7556";
				WRAPPER_EXTENSION = app;
			};
			name = Debug;
		};
		2BEDD5011557EE5400CCA5BA /* Release */ = {
			isa = XCBuildConfiguration;
			buildSettings = {
				CODE_SIGN_IDENTITY = "iPhone Developer: sui changming (3LS36545CS)";
				GCC_PRECOMPILE_PREFIX_HEADER = YES;
				GCC_PREFIX_HEADER = "SudoTest/SudoTest-Prefix.pch";
				INFOPLIST_FILE = "SudoTest/SudoTest-Info.plist";
				PRODUCT_NAME = "$(TARGET_NAME)";
				PROVISIONING_PROFILE = "970B8F92-A608-467B-B955-8E0D80FC7556";
				WRAPPER_EXTENSION = app;
			};
			name = Release;
		};
/* End XCBuildConfiguration section */

/* Begin XCConfigurationList section */
		2BEDD4E11557EE5300CCA5BA /* Build configuration list for PBXProject "SudoTest" */ = {
			isa = XCConfigurationList;
			buildConfigurations = (
				2BEDD4FD1557EE5400CCA5BA /* Debug */,
				2BEDD4FE1557EE5400CCA5BA /* Release */,
			);
			defaultConfigurationIsVisible = 0;
			defaultConfigurationName = Release;
		};
		2BEDD4FF1557EE5400CCA5BA /* Build configuration list for PBXNativeTarget "SudoTest" */ = {
			isa = XCConfigurationList;
			buildConfigurations = (
				2BEDD5001557EE5400CCA5BA /* Debug */,
				2BEDD5011557EE5400CCA5BA /* Release */,
			);
			defaultConfigurationIsVisible = 0;
			defaultConfigurationName = Release;
		};
/* End XCConfigurationList section */

/* Begin XCVersionGroup section */
		2B7C92B5158A2B8700AA5652 /* Model.xcdatamodeld */ = {
			isa = XCVersionGroup;
			children = (
				2B7C92B6158A2B8700AA5652 /* Model.xcdatamodel */,
			);
			currentVersion = 2B7C92B6158A2B8700AA5652 /* Model.xcdatamodel */;
			path = Model.xcdatamodeld;
			sourceTree = "<group>";
			versionGroupType = wrapper.xcdatamodel;
		};
/* End XCVersionGroup section */
	};
	rootObject = 2BEDD4DE1557EE5300CCA5BA /* Project object */;
}
